{
  "version": 4,
  "terraform_version": "1.6.2",
  "serial": 49,
  "lineage": "17df7bda-d556-f830-5074-bdf5576ec00c",
  "outputs": {
    "instance": {
      "value": "group12345123w4e",
      "type": "string"
    },
    "linux": {
      "value": "t=hY-p83W8GS?PX_",
      "type": "string"
    }
  },
  "resources": [
    {
      "mode": "managed",
      "type": "local_file",
      "name": "Neha",
      "provider": "provider[\"registry.terraform.io/hashicorp/local\"]",
      "instances": [
        {
          "schema_version": 0,
          "attributes": {
            "content": "demo",
            "content_base64": null,
            "directory_permission": "0777",
            "file_permission": "0777",
            "filename": "super30",
            "id": "89e495e7941cf9e40e6980d14a16bf023ccd4c91",
            "sensitive_content": null,
            "source": null
          },
          "sensitive_attributes": [],
          "private": "bnVsbA=="
        }
      ]
    },
    {
      "mode": "managed",
      "type": "local_file",
      "name": "games",
      "provider": "provider[\"registry.terraform.io/hashicorp/local\"]",
      "instances": [
        {
          "schema_version": 0,
          "attributes": {
            "content": "FIFA 23",
            "content_base64": null,
            "directory_permission": "0777",
            "file_permission": "0777",
            "filename": "favorite-games",
            "id": "0a48b8701222164b2eb098b36c19607665611558",
            "sensitive_content": null,
            "source": null
          },
          "sensitive_attributes": []
        }
      ]
    },
    {
      "mode": "managed",
      "type": "local_file",
      "name": "jedi",
      "provider": "provider[\"registry.terraform.io/hashicorp/local\"]",
      "instances": [
        {
          "schema_version": 0,
          "attributes": {
            "content": "doc",
            "content_base64": null,
            "directory_permission": "0777",
            "file_permission": "0777",
            "filename": "FIFA 23",
            "id": "f7f029ecb98abe979074a3ab45b74dbd9af02d42",
            "sensitive_content": null,
            "source": null
          },
          "sensitive_attributes": [],
          "private": "bnVsbA=="
        }
      ]
    },
    {
      "mode": "managed",
      "type": "local_file",
      "name": "movie",
      "provider": "provider[\"registry.terraform.io/hashicorp/local\"]",
      "instances": [
        {
          "schema_version": 0,
          "attributes": {
            "content": "RRR",
            "content_base64": null,
            "directory_permission": "0777",
            "file_permission": "0777",
            "filename": "film",
            "id": "f20523ec3a9f3796042e5823b06f9ef5d8e427b0",
            "sensitive_content": null,
            "source": null
          },
          "sensitive_attributes": []
        }
      ]
    },
    {
      "mode": "managed",
      "type": "local_file",
      "name": "os",
      "provider": "provider[\"registry.terraform.io/hashicorp/local\"]",
      "instances": [
        {
          "index_key": 0,
          "schema_version": 0,
          "attributes": {
            "content": "any",
            "content_base64": null,
            "directory_permission": "0777",
            "file_permission": "0777",
            "filename": "test1",
            "id": "c5fe0200d1c7a5139bd18fd22268c4ca8bf45e90",
            "sensitive_content": null,
            "source": null
          },
          "sensitive_attributes": [],
          "private": "bnVsbA=="
        },
        {
          "index_key": 1,
          "schema_version": 0,
          "attributes": {
            "content": "any",
            "content_base64": null,
            "directory_permission": "0777",
            "file_permission": "0777",
            "filename": "test2",
            "id": "c5fe0200d1c7a5139bd18fd22268c4ca8bf45e90",
            "sensitive_content": null,
            "source": null
          },
          "sensitive_attributes": [],
          "private": "bnVsbA=="
        },
        {
          "index_key": 2,
          "schema_version": 0,
          "attributes": {
            "content": "any",
            "content_base64": null,
            "directory_permission": "0777",
            "file_permission": "0777",
            "filename": "test3",
            "id": "c5fe0200d1c7a5139bd18fd22268c4ca8bf45e90",
            "sensitive_content": null,
            "source": null
          },
          "sensitive_attributes": [],
          "private": "bnVsbA=="
        },
        {
          "index_key": 3,
          "schema_version": 0,
          "attributes": {
            "content": "any",
            "content_base64": null,
            "directory_permission": "0777",
            "file_permission": "0777",
            "filename": "test4",
            "id": "c5fe0200d1c7a5139bd18fd22268c4ca8bf45e90",
            "sensitive_content": null,
            "source": null
          },
          "sensitive_attributes": [],
          "private": "bnVsbA=="
        },
        {
          "index_key": 4,
          "schema_version": 0,
          "attributes": {
            "content": "any",
            "content_base64": null,
            "directory_permission": "0777",
            "file_permission": "0777",
            "filename": "test5",
            "id": "c5fe0200d1c7a5139bd18fd22268c4ca8bf45e90",
            "sensitive_content": null,
            "source": null
          },
          "sensitive_attributes": [],
          "private": "bnVsbA=="
        },
        {
          "index_key": 5,
          "schema_version": 0,
          "attributes": {
            "content": "any",
            "content_base64": null,
            "directory_permission": "0777",
            "file_permission": "0777",
            "filename": "test6",
            "id": "c5fe0200d1c7a5139bd18fd22268c4ca8bf45e90",
            "sensitive_content": null,
            "source": null
          },
          "sensitive_attributes": [],
          "private": "bnVsbA=="
        },
        {
          "index_key": 6,
          "schema_version": 0,
          "attributes": {
            "content": "any",
            "content_base64": null,
            "directory_permission": "0777",
            "file_permission": "0777",
            "filename": "test7",
            "id": "c5fe0200d1c7a5139bd18fd22268c4ca8bf45e90",
            "sensitive_content": null,
            "source": null
          },
          "sensitive_attributes": [],
          "private": "bnVsbA=="
        },
        {
          "index_key": 7,
          "schema_version": 0,
          "attributes": {
            "content": "any",
            "content_base64": null,
            "directory_permission": "0777",
            "file_permission": "0777",
            "filename": "test8",
            "id": "c5fe0200d1c7a5139bd18fd22268c4ca8bf45e90",
            "sensitive_content": null,
            "source": null
          },
          "sensitive_attributes": [],
          "private": "bnVsbA=="
        },
        {
          "index_key": 8,
          "schema_version": 0,
          "attributes": {
            "content": "any",
            "content_base64": null,
            "directory_permission": "0777",
            "file_permission": "0777",
            "filename": "test9",
            "id": "c5fe0200d1c7a5139bd18fd22268c4ca8bf45e90",
            "sensitive_content": null,
            "source": null
          },
          "sensitive_attributes": [],
          "private": "bnVsbA=="
        },
        {
          "index_key": 9,
          "schema_version": 0,
          "attributes": {
            "content": "any",
            "content_base64": null,
            "directory_permission": "0777",
            "file_permission": "0777",
            "filename": "test10",
            "id": "c5fe0200d1c7a5139bd18fd22268c4ca8bf45e90",
            "sensitive_content": null,
            "source": null
          },
          "sensitive_attributes": [],
          "private": "bnVsbA=="
        },
        {
          "index_key": 10,
          "schema_version": 0,
          "attributes": {
            "content": "any",
            "content_base64": null,
            "directory_permission": "0777",
            "file_permission": "0777",
            "filename": "test11",
            "id": "c5fe0200d1c7a5139bd18fd22268c4ca8bf45e90",
            "sensitive_content": null,
            "source": null
          },
          "sensitive_attributes": [],
          "private": "bnVsbA=="
        }
      ]
    },
    {
      "mode": "managed",
      "type": "random_string",
      "name": "random",
      "provider": "provider[\"registry.terraform.io/hashicorp/random\"]",
      "instances": [
        {
          "index_key": 0,
          "schema_version": 2,
          "attributes": {
            "id": "Q4=vuTx6Y}z)S})c",
            "keepers": null,
            "length": 16,
            "lower": true,
            "min_lower": 0,
            "min_numeric": 0,
            "min_special": 0,
            "min_upper": 0,
            "number": true,
            "numeric": true,
            "override_special": null,
            "result": "group12345123w4e",
            "special": true,
            "upper": true
          },
          "sensitive_attributes": []
        },
        {
          "index_key": 1,
          "schema_version": 2,
          "attributes": {
            "id": "t=hY-p83W8GS?PX_",
            "keepers": null,
            "length": 16,
            "lower": true,
            "min_lower": 0,
            "min_numeric": 0,
            "min_special": 0,
            "min_upper": 0,
            "number": true,
            "numeric": true,
            "override_special": null,
            "result": "t=hY-p83W8GS?PX_",
            "special": true,
            "upper": true
          },
          "sensitive_attributes": []
        }
      ]
    }
  ],
  "check_results": null
}
